{
  "name": "c27edfce08fc7cca",
  "lockfileVersion": 3,
  "requires": true,
  "packages": {
    "": {
      "dependencies": {
        "getdesign": "^0.6.2"
      }
    },
    "node_modules/getdesign": {
      "version": "0.6.2",
      "resolved": "https://registry.npmjs.org/getdesign/-/getdesign-0.6.2.tgz",
      "integrity": "sha512-SHzBpfZ5oFXMUsdS4/BpkWuzvtkeSQYwU8W8gZQvY6vVkuDg+Cy0tQQFy4RUo5Hed3dzzT/pQUiQ4E89CWOoLw==",
      "license": "MIT",
      "bin": {
        "getdesign": "bin/cli.mjs"
      },
      "engines": {
        "node": ">=18"
      }
    }
  }
}
